lockfileVersion: '9.0'

settings:
  autoInstallPeers: true
  excludeLinksFromLockfile: false

overrides:
  rolldown: 1.0.0-beta.28-commit.7ef342d

importers:

  .:
    dependencies:
      vue:
        specifier: ^3.5.17
        version: 3.5.17(typescript@5.8.3)
    devDependencies:
      '@vitejs/plugin-vue':
        specifier: ^6.0.0
        version: 6.0.0(rolldown-vite@7.0.9)(vue@3.5.17(typescript@5.8.3))
      '@vue/tsconfig':
        specifier: ^0.7.0
        version: 0.7.0(typescript@5.8.3)(vue@3.5.17(typescript@5.8.3))
      typescript:
        specifier: ~5.8.3
        version: 5.8.3
      vite:
        specifier: npm:rolldown-vite@7.0.9
        version: rolldown-vite@7.0.9
      vue-tsc:
        specifier: ^2.2.12
        version: 2.2.12(typescript@5.8.3)

packages:

  '@babel/helper-string-parser@7.27.1':
    resolution: {integrity: sha512-qMlSxKbpRlAridDExk92nSobyDdpPijUq2DW6oDnUqd0iOGxmQjyqhMIihI9+zv4LPyZdRje2cavWPbCbWm3eA==}
    engines: {node: '>=6.9.0'}

  '@babel/helper-validator-identifier@7.27.1':
    resolution: {integrity: sha512-D2hP9eA+Sqx1kBZgzxZh0y1trbuU+JoDkiEwqhQ36nodYqJwyEIhPSdMNd7lOm/4io72luTPWH20Yda0xOuUow==}
    engines: {node: '>=6.9.0'}

  '@babel/parser@7.28.0':
    resolution: {integrity: sha512-jVZGvOxOuNSsuQuLRTh13nU0AogFlw32w/MT+LV6D3sP5WdbW61E77RnkbaO2dUvmPAYrBDJXGn5gGS6tH4j8g==}
    engines: {node: '>=6.0.0'}
    hasBin: true

  '@babel/types@7.28.1':
    resolution: {integrity: sha512-x0LvFTekgSX+83TI28Y9wYPUfzrnl2aT5+5QLnO6v7mSJYtEEevuDRN0F0uSHRk1G1IWZC43o00Y0xDDrpBGPQ==}
    engines: {node: '>=6.9.0'}

  '@emnapi/core@1.4.5':
    resolution: {integrity: sha512-XsLw1dEOpkSX/WucdqUhPWP7hDxSvZiY+fsUC14h+FtQ2Ifni4znbBt8punRX+Uj2JG/uDb8nEHVKvrVlvdZ5Q==}

  '@emnapi/runtime@1.4.5':
    resolution: {integrity: sha512-++LApOtY0pEEz1zrd9vy1/zXVaVJJ/EbAF3u0fXIzPJEDtnITsBGbbK0EkM72amhl/R5b+5xx0Y/QhcVOpuulg==}

  '@emnapi/wasi-threads@1.0.4':
    resolution: {integrity: sha512-PJR+bOmMOPH8AtcTGAyYNiuJ3/Fcoj2XN/gBEWzDIKh254XO+mM9XoXHk5GNEhodxeMznbg7BlRojVbKN+gC6g==}

  '@jridgewell/sourcemap-codec@1.5.4':
    resolution: {integrity: sha512-VT2+G1VQs/9oz078bLrYbecdZKs912zQlkelYpuf+SXF+QvZDYJlbx/LSx+meSAwdDFnF8FVXW92AVjjkVmgFw==}

  '@napi-rs/wasm-runtime@1.0.1':
    resolution: {integrity: sha512-KVlQ/jgywZpixGCKMNwxStmmbYEMyokZpCf2YuIChhfJA2uqfAKNEM8INz7zzTo55iEXfBhIIs3VqYyqzDLj8g==}

  '@oxc-project/runtime@0.77.3':
    resolution: {integrity: sha512-vsC/ewcGJ7xXnnwZkku7rpPH5Lxb5g4J+V6lD9eBTnRLmXVXM7Qu50y+ozD+UD5IXaSoVOvVMGTT4YSNCz2MQQ==}
    engines: {node: '>=6.9.0'}

  '@oxc-project/types@0.77.3':
    resolution: {integrity: sha512-5Vh+neJhhxuF0lYCjZXbxjqm2EO6YJ1jG+KuHntrd6VY67OMpYhWq2cZhUhy+xL9qLJVJRaeII7Xj9fciA6v7A==}

  '@rolldown/binding-android-arm64@1.0.0-beta.28-commit.7ef342d':
    resolution: {integrity: sha512-x6foDsmwBNE3aMd8dCQX5bSkvVIcTh9j/i1lXt7N9ZW838N88R4WXqpiWGaMx43hpBQqk9InwK6FgcRlWdGDBg==}
    cpu: [arm64]
    os: [android]

  '@rolldown/binding-darwin-arm64@1.0.0-beta.28-commit.7ef342d':
    resolution: {integrity: sha512-CUDBNVczjV2TC4ensS9LxvbNGnT1EQ4Qfn45rUMWtCmW4K/h+QOersjR2l1Z0Dz3OcAhc9XYvHpyxOqchR9qCg==}
    cpu: [arm64]
    os: [darwin]

  '@rolldown/binding-darwin-x64@1.0.0-beta.28-commit.7ef342d':
    resolution: {integrity: sha512-n9xwEB3Nw9memYaqWrqHdZ/RsXtgPfVj4XpDLPNmzipmbkJlQB6pBGYgetOQU2roafmUiD8u8/6DJooeYogIyQ==}
    cpu: [x64]
    os: [darwin]

  '@rolldown/binding-freebsd-x64@1.0.0-beta.28-commit.7ef342d':
    resolution: {integrity: sha512-Xra3q6lCa7lst82StwYOTH8+kzY/TqzP19k9ppp6D1tZbw7yVArYVewfPy1jnTllrYXIP5sw2/AzYajJ1luQFg==}
    cpu: [x64]
    os: [freebsd]

  '@rolldown/binding-linux-arm-gnueabihf@1.0.0-beta.28-commit.7ef342d':
    resolution: {integrity: sha512-kgW4zCFYV/C5K1P4i2sIOBbIWS896CsHvMxFipVLcGu2XUWaxuKQSzq3m2J/IGz4CI9n+bzmJbtNxsAOAdLzOA==}
    cpu: [arm]
    os: [linux]

  '@rolldown/binding-linux-arm64-gnu@1.0.0-beta.28-commit.7ef342d':
    resolution: {integrity: sha512-2aVAlUFHo2QdOOjm+wxdCIw8HVSzvkGXubzDw60IpGbyv+4Rwa2GGmD+nIYiMExYVePcCM0bKaWsz4tDu/7GmQ==}
    cpu: [arm64]
    os: [linux]

  '@rolldown/binding-linux-arm64-musl@1.0.0-beta.28-commit.7ef342d':
    resolution: {integrity: sha512-pODP+dSuhHMec1KE/IlG0LnIOUmYwynTPmkqDYvi+wEneY2X45qoEfWciric9U6khoJt2bLdVpQ2aNZosLpzOw==}
    cpu: [arm64]
    os: [linux]

  '@rolldown/binding-linux-arm64-ohos@1.0.0-beta.28-commit.7ef342d':
    resolution: {integrity: sha512-ZZOIAgsuwhU6XvJ61fyE2Y+/8xAysMpjCE45m7XnacP1JbCX29k8qqbUcPp+Ew6SokvJQIxkgf1I9PDrUMM0YA==}
    cpu: [arm64]
    os: [openharmony]

  '@rolldown/binding-linux-x64-gnu@1.0.0-beta.28-commit.7ef342d':
    resolution: {integrity: sha512-+oculuL6T9U08LDZC0rCuLLDEL0g/4L+GK6Hunx78Y9771gP0m+DMuY4ojYwDCWUZuSaHgxU/wrw17geWWCe4g==}
    cpu: [x64]
    os: [linux]

  '@rolldown/binding-linux-x64-musl@1.0.0-beta.28-commit.7ef342d':
    resolution: {integrity: sha512-N7nxC6lanqUmEtZ7xXvyW6wOWRCYu62HM20b/fI1MzhRL9B9euI67QySU+PMme/FbQ7evFeDbBil49mtKmmGUw==}
    cpu: [x64]
    os: [linux]

  '@rolldown/binding-wasm32-wasi@1.0.0-beta.28-commit.7ef342d':
    resolution: {integrity: sha512-oq2ptYCrrRRPmgciXuzZklo1B59jvCNNBQf1UTHTQOoVjiO10Efisu8M9AjMO1c/jgus8fr1/+OqDRijtrP+3w==}
    engines: {node: '>=14.0.0'}
    cpu: [wasm32]

  '@rolldown/binding-win32-arm64-msvc@1.0.0-beta.28-commit.7ef342d':
    resolution: {integrity: sha512-ZN3a5QIs64kLxVIADq+D3+PFwLSoAOSEUotUsJTgoLQsFvfRIjn/9ah0pp2VuT9pSCT6YyR9rBhhmRqBgzRTeA==}
    cpu: [arm64]
    os: [win32]

  '@rolldown/binding-win32-ia32-msvc@1.0.0-beta.28-commit.7ef342d':
    resolution: {integrity: sha512-xysq3tlvCsh3hcY+izyCW3K2roIjUl2jbbF9Q0oTgCfpKQYBaiOAHRhyLvphmD4yudgUxVXTh94nMnaReLAYIQ==}
    cpu: [ia32]
    os: [win32]

  '@rolldown/binding-win32-x64-msvc@1.0.0-beta.28-commit.7ef342d':
    resolution: {integrity: sha512-TR9+sqTXCy3f725yAoH3HzX6gfP/i7dvOT625Ioy1nC2lK26IKXiHbLPGs16hm4JK2Qjecg0eqz43qr4CI1meQ==}
    cpu: [x64]
    os: [win32]

  '@rolldown/pluginutils@1.0.0-beta.19':
    resolution: {integrity: sha512-3FL3mnMbPu0muGOCaKAhhFEYmqv9eTfPSJRJmANrCwtgK8VuxpsZDGK+m0LYAGoyO8+0j5uRe4PeyPDK1yA/hA==}

  '@rolldown/pluginutils@1.0.0-beta.28-commit.7ef342d':
    resolution: {integrity: sha512-Q5PudXImGdAppWt9hUMhah47piSZ/mKrubh3/lBuJY02T6QYzcMWZpKe4Yb8E0tz3wDz10oY89DOA8bD8cmb2g==}

  '@tybys/wasm-util@0.10.0':
    resolution: {integrity: sha512-VyyPYFlOMNylG45GoAe0xDoLwWuowvf92F9kySqzYh8vmYm7D2u4iUJKa1tOUpS70Ku13ASrOkS4ScXFsTaCNQ==}

  '@vitejs/plugin-vue@6.0.0':
    resolution: {integrity: sha512-iAliE72WsdhjzTOp2DtvKThq1VBC4REhwRcaA+zPAAph6I+OQhUXv+Xu2KS7ElxYtb7Zc/3R30Hwv1DxEo7NXQ==}
    engines: {node: ^20.19.0 || >=22.12.0}
    peerDependencies:
      vite: ^5.0.0 || ^6.0.0 || ^7.0.0
      vue: ^3.2.25

  '@volar/language-core@2.4.15':
    resolution: {integrity: sha512-3VHw+QZU0ZG9IuQmzT68IyN4hZNd9GchGPhbD9+pa8CVv7rnoOZwo7T8weIbrRmihqy3ATpdfXFnqRrfPVK6CA==}

  '@volar/source-map@2.4.15':
    resolution: {integrity: sha512-CPbMWlUN6hVZJYGcU/GSoHu4EnCHiLaXI9n8c9la6RaI9W5JHX+NqG+GSQcB0JdC2FIBLdZJwGsfKyBB71VlTg==}

  '@volar/typescript@2.4.15':
    resolution: {integrity: sha512-2aZ8i0cqPGjXb4BhkMsPYDkkuc2ZQ6yOpqwAuNwUoncELqoy5fRgOQtLR9gB0g902iS0NAkvpIzs27geVyVdPg==}

  '@vue/compiler-core@3.5.17':
    resolution: {integrity: sha512-Xe+AittLbAyV0pabcN7cP7/BenRBNcteM4aSDCtRvGw0d9OL+HG1u/XHLY/kt1q4fyMeZYXyIYrsHuPSiDPosA==}

  '@vue/compiler-dom@3.5.17':
    resolution: {integrity: sha512-+2UgfLKoaNLhgfhV5Ihnk6wB4ljyW1/7wUIog2puUqajiC29Lp5R/IKDdkebh9jTbTogTbsgB+OY9cEWzG95JQ==}

  '@vue/compiler-sfc@3.5.17':
    resolution: {integrity: sha512-rQQxbRJMgTqwRugtjw0cnyQv9cP4/4BxWfTdRBkqsTfLOHWykLzbOc3C4GGzAmdMDxhzU/1Ija5bTjMVrddqww==}

  '@vue/compiler-ssr@3.5.17':
    resolution: {integrity: sha512-hkDbA0Q20ZzGgpj5uZjb9rBzQtIHLS78mMilwrlpWk2Ep37DYntUz0PonQ6kr113vfOEdM+zTBuJDaceNIW0tQ==}

  '@vue/compiler-vue2@2.7.16':
    resolution: {integrity: sha512-qYC3Psj9S/mfu9uVi5WvNZIzq+xnXMhOwbTFKKDD7b1lhpnn71jXSFdTQ+WsIEk0ONCd7VV2IMm7ONl6tbQ86A==}

  '@vue/language-core@2.2.12':
    resolution: {integrity: sha512-IsGljWbKGU1MZpBPN+BvPAdr55YPkj2nB/TBNGNC32Vy2qLG25DYu/NBN2vNtZqdRbTRjaoYrahLrToim2NanA==}
    peerDependencies:
      typescript: '*'
    peerDependenciesMeta:
      typescript:
        optional: true

  '@vue/reactivity@3.5.17':
    resolution: {integrity: sha512-l/rmw2STIscWi7SNJp708FK4Kofs97zc/5aEPQh4bOsReD/8ICuBcEmS7KGwDj5ODQLYWVN2lNibKJL1z5b+Lw==}

  '@vue/runtime-core@3.5.17':
    resolution: {integrity: sha512-QQLXa20dHg1R0ri4bjKeGFKEkJA7MMBxrKo2G+gJikmumRS7PTD4BOU9FKrDQWMKowz7frJJGqBffYMgQYS96Q==}

  '@vue/runtime-dom@3.5.17':
    resolution: {integrity: sha512-8El0M60TcwZ1QMz4/os2MdlQECgGoVHPuLnQBU3m9h3gdNRW9xRmI8iLS4t/22OQlOE6aJvNNlBiCzPHur4H9g==}

  '@vue/server-renderer@3.5.17':
    resolution: {integrity: sha512-BOHhm8HalujY6lmC3DbqF6uXN/K00uWiEeF22LfEsm9Q93XeJ/plHTepGwf6tqFcF7GA5oGSSAAUock3VvzaCA==}
    peerDependencies:
      vue: 3.5.17

  '@vue/shared@3.5.17':
    resolution: {integrity: sha512-CabR+UN630VnsJO/jHWYBC1YVXyMq94KKp6iF5MQgZJs5I8cmjw6oVMO1oDbtBkENSHSSn/UadWlW/OAgdmKrg==}

  '@vue/tsconfig@0.7.0':
    resolution: {integrity: sha512-ku2uNz5MaZ9IerPPUyOHzyjhXoX2kVJaVf7hL315DC17vS6IiZRmmCPfggNbU16QTvM80+uYYy3eYJB59WCtvg==}
    peerDependencies:
      typescript: 5.x
      vue: ^3.4.0
    peerDependenciesMeta:
      typescript:
        optional: true
      vue:
        optional: true

  alien-signals@1.0.13:
    resolution: {integrity: sha512-OGj9yyTnJEttvzhTUWuscOvtqxq5vrhF7vL9oS0xJ2mK0ItPYP1/y+vCFebfxoEyAz0++1AIwJ5CMr+Fk3nDmg==}

  ansis@4.1.0:
    resolution: {integrity: sha512-BGcItUBWSMRgOCe+SVZJ+S7yTRG0eGt9cXAHev72yuGcY23hnLA7Bky5L/xLyPINoSN95geovfBkqoTlNZYa7w==}
    engines: {node: '>=14'}

  balanced-match@1.0.2:
    resolution: {integrity: sha512-3oSeUO0TMV67hN1AmbXsK4yaqU7tjiHlbxRDZOpH0KW9+CeX4bRAaX0Anxt0tx2MrpRpWwQaPwIlISEJhYU5Pw==}

  brace-expansion@2.0.2:
    resolution: {integrity: sha512-Jt0vHyM+jmUBqojB7E1NIYadt0vI0Qxjxd2TErW94wDz+E2LAm5vKMXXwg6ZZBTHPuUlDgQHKXvjGBdfcF1ZDQ==}

  csstype@3.1.3:
    resolution: {integrity: sha512-M1uQkMl8rQK/szD0LNhtqxIPLpimGm8sOBwU7lLnCpSbTyY3yeU1Vc7l4KT5zT4s/yOxHH5O7tIuuLOCnLADRw==}

  de-indent@1.0.2:
    resolution: {integrity: sha512-e/1zu3xH5MQryN2zdVaF0OrdNLUbvWxzMbi+iNA6Bky7l1RoP8a2fIbRocyHclXt/arDrrR6lL3TqFD9pMQTsg==}

  detect-libc@2.0.4:
    resolution: {integrity: sha512-3UDv+G9CsCKO1WKMGw9fwq/SWJYbI0c5Y7LU1AXYoDdbhE2AHQ6N6Nb34sG8Fj7T5APy8qXDCKuuIHd1BR0tVA==}
    engines: {node: '>=8'}

  entities@4.5.0:
    resolution: {integrity: sha512-V0hjH4dGPh9Ao5p0MoRY6BVqtwCjhz6vI5LT8AJ55H+4g9/4vbHx1I54fS0XuclLhDHArPQCiMjDxjaL8fPxhw==}
    engines: {node: '>=0.12'}

  estree-walker@2.0.2:
    resolution: {integrity: sha512-Rfkk/Mp/DL7JVje3u18FxFujQlTNR2q6QfMSMB7AvCBx91NGj/ba3kCfza0f6dVDbw7YlRf/nDrn7pQrCCyQ/w==}

  fdir@6.4.6:
    resolution: {integrity: sha512-hiFoqpyZcfNm1yc4u8oWCf9A2c4D3QjCrks3zmoVKVxpQRzmPNar1hUJcBG2RQHvEVGDN+Jm81ZheVLAQMK6+w==}
    peerDependencies:
      picomatch: ^3 || ^4
    peerDependenciesMeta:
      picomatch:
        optional: true

  fsevents@2.3.3:
    resolution: {integrity: sha512-5xoDfX+fL7faATnagmWPpbFtwh/R77WmMMqqHGS65C3vvB0YHrgF+B1YmZ3441tMj5n63k0212XNoJwzlhffQw==}
    engines: {node: ^8.16.0 || ^10.6.0 || >=11.0.0}
    os: [darwin]

  he@1.2.0:
    resolution: {integrity: sha512-F/1DnUGPopORZi0ni+CvrCgHQ5FyEAHRLSApuYWMmrbSwoN2Mn/7k+Gl38gJnR7yyDZk6WLXwiGod1JOWNDKGw==}
    hasBin: true

  lightningcss-darwin-arm64@1.30.1:
    resolution: {integrity: sha512-c8JK7hyE65X1MHMN+Viq9n11RRC7hgin3HhYKhrMyaXflk5GVplZ60IxyoVtzILeKr+xAJwg6zK6sjTBJ0FKYQ==}
    engines: {node: '>= 12.0.0'}
    cpu: [arm64]
    os: [darwin]

  lightningcss-darwin-x64@1.30.1:
    resolution: {integrity: sha512-k1EvjakfumAQoTfcXUcHQZhSpLlkAuEkdMBsI/ivWw9hL+7FtilQc0Cy3hrx0AAQrVtQAbMI7YjCgYgvn37PzA==}
    engines: {node: '>= 12.0.0'}
    cpu: [x64]
    os: [darwin]

  lightningcss-freebsd-x64@1.30.1:
    resolution: {integrity: sha512-kmW6UGCGg2PcyUE59K5r0kWfKPAVy4SltVeut+umLCFoJ53RdCUWxcRDzO1eTaxf/7Q2H7LTquFHPL5R+Gjyig==}
    engines: {node: '>= 12.0.0'}
    cpu: [x64]
    os: [freebsd]

  lightningcss-linux-arm-gnueabihf@1.30.1:
    resolution: {integrity: sha512-MjxUShl1v8pit+6D/zSPq9S9dQ2NPFSQwGvxBCYaBYLPlCWuPh9/t1MRS8iUaR8i+a6w7aps+B4N0S1TYP/R+Q==}
    engines: {node: '>= 12.0.0'}
    cpu: [arm]
    os: [linux]

  lightningcss-linux-arm64-gnu@1.30.1:
    resolution: {integrity: sha512-gB72maP8rmrKsnKYy8XUuXi/4OctJiuQjcuqWNlJQ6jZiWqtPvqFziskH3hnajfvKB27ynbVCucKSm2rkQp4Bw==}
    engines: {node: '>= 12.0.0'}
    cpu: [arm64]
    os: [linux]

  lightningcss-linux-arm64-musl@1.30.1:
    resolution: {integrity: sha512-jmUQVx4331m6LIX+0wUhBbmMX7TCfjF5FoOH6SD1CttzuYlGNVpA7QnrmLxrsub43ClTINfGSYyHe2HWeLl5CQ==}
    engines: {node: '>= 12.0.0'}
    cpu: [arm64]
    os: [linux]

  lightningcss-linux-x64-gnu@1.30.1:
    resolution: {integrity: sha512-piWx3z4wN8J8z3+O5kO74+yr6ze/dKmPnI7vLqfSqI8bccaTGY5xiSGVIJBDd5K5BHlvVLpUB3S2YCfelyJ1bw==}
    engines: {node: '>= 12.0.0'}
    cpu: [x64]
    os: [linux]

  lightningcss-linux-x64-musl@1.30.1:
    resolution: {integrity: sha512-rRomAK7eIkL+tHY0YPxbc5Dra2gXlI63HL+v1Pdi1a3sC+tJTcFrHX+E86sulgAXeI7rSzDYhPSeHHjqFhqfeQ==}
    engines: {node: '>= 12.0.0'}
    cpu: [x64]
    os: [linux]

  lightningcss-win32-arm64-msvc@1.30.1:
    resolution: {integrity: sha512-mSL4rqPi4iXq5YVqzSsJgMVFENoa4nGTT/GjO2c0Yl9OuQfPsIfncvLrEW6RbbB24WtZ3xP/2CCmI3tNkNV4oA==}
    engines: {node: '>= 12.0.0'}
    cpu: [arm64]
    os: [win32]

  lightningcss-win32-x64-msvc@1.30.1:
    resolution: {integrity: sha512-PVqXh48wh4T53F/1CCu8PIPCxLzWyCnn/9T5W1Jpmdy5h9Cwd+0YQS6/LwhHXSafuc61/xg9Lv5OrCby6a++jg==}
    engines: {node: '>= 12.0.0'}
    cpu: [x64]
    os: [win32]

  lightningcss@1.30.1:
    resolution: {integrity: sha512-xi6IyHML+c9+Q3W0S4fCQJOym42pyurFiJUHEcEyHS0CeKzia4yZDEsLlqOFykxOdHpNy0NmvVO31vcSqAxJCg==}
    engines: {node: '>= 12.0.0'}

  magic-string@0.30.17:
    resolution: {integrity: sha512-sNPKHvyjVf7gyjwS4xGTaW/mCnF8wnjtifKBEhxfZ7E/S8tQ0rssrwGNn6q8JH/ohItJfSQp9mBtQYuTlH5QnA==}

  minimatch@9.0.5:
    resolution: {integrity: sha512-G6T0ZX48xgozx7587koeX9Ys2NYy6Gmv//P89sEte9V9whIapMNF4idKxnW2QtCcLiTWlb/wfCabAtAFWhhBow==}
    engines: {node: '>=16 || 14 >=14.17'}

  muggle-string@0.4.1:
    resolution: {integrity: sha512-VNTrAak/KhO2i8dqqnqnAHOa3cYBwXEZe9h+D5h/1ZqFSTEFHdM65lR7RoIqq3tBBYavsOXV84NoHXZ0AkPyqQ==}

  nanoid@3.3.11:
    resolution: {integrity: sha512-N8SpfPUnUp1bK+PMYW8qSWdl9U+wwNWI4QKxOYDy9JAro3WMX7p2OeVRF9v+347pnakNevPmiHhNmZ2HbFA76w==}
    engines: {node: ^10 || ^12 || ^13.7 || ^14 || >=15.0.1}
    hasBin: true

  path-browserify@1.0.1:
    resolution: {integrity: sha512-b7uo2UCUOYZcnF/3ID0lulOJi/bafxa1xPe7ZPsammBSpjSWQkjNxlt635YGS2MiR9GjvuXCtz2emr3jbsz98g==}

  picocolors@1.1.1:
    resolution: {integrity: sha512-xceH2snhtb5M9liqDsmEw56le376mTZkEX/jEb/RxNFyegNul7eNslCXP9FDj/Lcu0X8KEyMceP2ntpaHrDEVA==}

  picomatch@4.0.3:
    resolution: {integrity: sha512-5gTmgEY/sqK6gFXLIsQNH19lWb4ebPDLA4SdLP7dsWkIXHWlG66oPuVvXSGFPppYZz8ZDZq0dYYrbHfBCVUb1Q==}
    engines: {node: '>=12'}

  postcss@8.5.6:
    resolution: {integrity: sha512-3Ybi1tAuwAP9s0r1UQ2J4n5Y0G05bJkpUIO0/bI9MhwmD70S5aTWbXGBwxHrelT+XM1k6dM0pk+SwNkpTRN7Pg==}
    engines: {node: ^10 || ^12 || >=14}

  rolldown-vite@7.0.9:
    resolution: {integrity: sha512-RxVP6CY9CNCEM9UecdytqeADxOGSjgkfSE/eI986sM7I3/F09lQ9UfQo3y6W10ICBppKsEHe71NbCX/tirYDFg==}
    engines: {node: ^20.19.0 || >=22.12.0}
    hasBin: true
    peerDependencies:
      '@types/node': ^20.19.0 || >=22.12.0
      esbuild: ^0.25.0
      jiti: '>=1.21.0'
      less: ^4.0.0
      sass: ^1.70.0
      sass-embedded: ^1.70.0
      stylus: '>=0.54.8'
      sugarss: ^5.0.0
      terser: ^5.16.0
      tsx: ^4.8.1
      yaml: ^2.4.2
    peerDependenciesMeta:
      '@types/node':
        optional: true
      esbuild:
        optional: true
      jiti:
        optional: true
      less:
        optional: true
      sass:
        optional: true
      sass-embedded:
        optional: true
      stylus:
        optional: true
      sugarss:
        optional: true
      terser:
        optional: true
      tsx:
        optional: true
      yaml:
        optional: true

  rolldown@1.0.0-beta.28-commit.7ef342d:
    resolution: {integrity: sha512-QKRl8AlY8R7BxMzvyozHQx0FFGc08xZu4L0mGujqSZ+UOoyuFAAba7V8sq38M94331RWe/L3fZGV1VRpVktp7A==}
    hasBin: true

  source-map-js@1.2.1:
    resolution: {integrity: sha512-UXWMKhLOwVKb728IUtQPXxfYU+usdybtUrK/8uGE8CQMvrhOpwvzDBwj0QhSL7MQc7vIsISBG8VQ8+IDQxpfQA==}
    engines: {node: '>=0.10.0'}

  tinyglobby@0.2.14:
    resolution: {integrity: sha512-tX5e7OM1HnYr2+a2C/4V0htOcSQcoSTH9KgJnVvNm5zm/cyEWKJ7j7YutsH9CxMdtOkkLFy2AHrMci9IM8IPZQ==}
    engines: {node: '>=12.0.0'}

  tslib@2.8.1:
    resolution: {integrity: sha512-oJFu94HQb+KVduSUQL7wnpmqnfmLsOA/nAh6b6EH0wCEoK0/mPeXU6c3wKDV83MkOuHPRHtSXKKU99IBazS/2w==}

  typescript@5.8.3:
    resolution: {integrity: sha512-p1diW6TqL9L07nNxvRMM7hMMw4c5XOo/1ibL4aAIGmSAt9slTE1Xgw5KWuof2uTOvCg9BY7ZRi+GaF+7sfgPeQ==}
    engines: {node: '>=14.17'}
    hasBin: true

  vscode-uri@3.1.0:
    resolution: {integrity: sha512-/BpdSx+yCQGnCvecbyXdxHDkuk55/G3xwnC0GqY4gmQ3j+A+g8kzzgB4Nk/SINjqn6+waqw3EgbVF2QKExkRxQ==}

  vue-tsc@2.2.12:
    resolution: {integrity: sha512-P7OP77b2h/Pmk+lZdJ0YWs+5tJ6J2+uOQPo7tlBnY44QqQSPYvS0qVT4wqDJgwrZaLe47etJLLQRFia71GYITw==}
    hasBin: true
    peerDependencies:
      typescript: '>=5.0.0'

  vue@3.5.17:
    resolution: {integrity: sha512-LbHV3xPN9BeljML+Xctq4lbz2lVHCR6DtbpTf5XIO6gugpXUN49j2QQPcMj086r9+AkJ0FfUT8xjulKKBkkr9g==}
    peerDependencies:
      typescript: '*'
    peerDependenciesMeta:
      typescript:
        optional: true

snapshots:

  '@babel/helper-string-parser@7.27.1': {}

  '@babel/helper-validator-identifier@7.27.1': {}

  '@babel/parser@7.28.0':
    dependencies:
      '@babel/types': 7.28.1

  '@babel/types@7.28.1':
    dependencies:
      '@babel/helper-string-parser': 7.27.1
      '@babel/helper-validator-identifier': 7.27.1

  '@emnapi/core@1.4.5':
    dependencies:
      '@emnapi/wasi-threads': 1.0.4
      tslib: 2.8.1
    optional: true

  '@emnapi/runtime@1.4.5':
    dependencies:
      tslib: 2.8.1
    optional: true

  '@emnapi/wasi-threads@1.0.4':
    dependencies:
      tslib: 2.8.1
    optional: true

  '@jridgewell/sourcemap-codec@1.5.4': {}

  '@napi-rs/wasm-runtime@1.0.1':
    dependencies:
      '@emnapi/core': 1.4.5
      '@emnapi/runtime': 1.4.5
      '@tybys/wasm-util': 0.10.0
    optional: true

  '@oxc-project/runtime@0.77.3': {}

  '@oxc-project/types@0.77.3': {}

  '@rolldown/binding-android-arm64@1.0.0-beta.28-commit.7ef342d':
    optional: true

  '@rolldown/binding-darwin-arm64@1.0.0-beta.28-commit.7ef342d':
    optional: true

  '@rolldown/binding-darwin-x64@1.0.0-beta.28-commit.7ef342d':
    optional: true

  '@rolldown/binding-freebsd-x64@1.0.0-beta.28-commit.7ef342d':
    optional: true

  '@rolldown/binding-linux-arm-gnueabihf@1.0.0-beta.28-commit.7ef342d':
    optional: true

  '@rolldown/binding-linux-arm64-gnu@1.0.0-beta.28-commit.7ef342d':
    optional: true

  '@rolldown/binding-linux-arm64-musl@1.0.0-beta.28-commit.7ef342d':
    optional: true

  '@rolldown/binding-linux-arm64-ohos@1.0.0-beta.28-commit.7ef342d':
    optional: true

  '@rolldown/binding-linux-x64-gnu@1.0.0-beta.28-commit.7ef342d':
    optional: true

  '@rolldown/binding-linux-x64-musl@1.0.0-beta.28-commit.7ef342d':
    optional: true

  '@rolldown/binding-wasm32-wasi@1.0.0-beta.28-commit.7ef342d':
    dependencies:
      '@napi-rs/wasm-runtime': 1.0.1
    optional: true

  '@rolldown/binding-win32-arm64-msvc@1.0.0-beta.28-commit.7ef342d':
    optional: true

  '@rolldown/binding-win32-ia32-msvc@1.0.0-beta.28-commit.7ef342d':
    optional: true

  '@rolldown/binding-win32-x64-msvc@1.0.0-beta.28-commit.7ef342d':
    optional: true

  '@rolldown/pluginutils@1.0.0-beta.19': {}

  '@rolldown/pluginutils@1.0.0-beta.28-commit.7ef342d': {}

  '@tybys/wasm-util@0.10.0':
    dependencies:
      tslib: 2.8.1
    optional: true

  '@vitejs/plugin-vue@6.0.0(rolldown-vite@7.0.9)(vue@3.5.17(typescript@5.8.3))':
    dependencies:
      '@rolldown/pluginutils': 1.0.0-beta.19
      vite: rolldown-vite@7.0.9
      vue: 3.5.17(typescript@5.8.3)

  '@volar/language-core@2.4.15':
    dependencies:
      '@volar/source-map': 2.4.15

  '@volar/source-map@2.4.15': {}

  '@volar/typescript@2.4.15':
    dependencies:
      '@volar/language-core': 2.4.15
      path-browserify: 1.0.1
      vscode-uri: 3.1.0

  '@vue/compiler-core@3.5.17':
    dependencies:
      '@babel/parser': 7.28.0
      '@vue/shared': 3.5.17
      entities: 4.5.0
      estree-walker: 2.0.2
      source-map-js: 1.2.1

  '@vue/compiler-dom@3.5.17':
    dependencies:
      '@vue/compiler-core': 3.5.17
      '@vue/shared': 3.5.17

  '@vue/compiler-sfc@3.5.17':
    dependencies:
      '@babel/parser': 7.28.0
      '@vue/compiler-core': 3.5.17
      '@vue/compiler-dom': 3.5.17
      '@vue/compiler-ssr': 3.5.17
      '@vue/shared': 3.5.17
      estree-walker: 2.0.2
      magic-string: 0.30.17
      postcss: 8.5.6
      source-map-js: 1.2.1

  '@vue/compiler-ssr@3.5.17':
    dependencies:
      '@vue/compiler-dom': 3.5.17
      '@vue/shared': 3.5.17

  '@vue/compiler-vue2@2.7.16':
    dependencies:
      de-indent: 1.0.2
      he: 1.2.0

  '@vue/language-core@2.2.12(typescript@5.8.3)':
    dependencies:
      '@volar/language-core': 2.4.15
      '@vue/compiler-dom': 3.5.17
      '@vue/compiler-vue2': 2.7.16
      '@vue/shared': 3.5.17
      alien-signals: 1.0.13
      minimatch: 9.0.5
      muggle-string: 0.4.1
      path-browserify: 1.0.1
    optionalDependencies:
      typescript: 5.8.3

  '@vue/reactivity@3.5.17':
    dependencies:
      '@vue/shared': 3.5.17

  '@vue/runtime-core@3.5.17':
    dependencies:
      '@vue/reactivity': 3.5.17
      '@vue/shared': 3.5.17

  '@vue/runtime-dom@3.5.17':
    dependencies:
      '@vue/reactivity': 3.5.17
      '@vue/runtime-core': 3.5.17
      '@vue/shared': 3.5.17
      csstype: 3.1.3

  '@vue/server-renderer@3.5.17(vue@3.5.17(typescript@5.8.3))':
    dependencies:
      '@vue/compiler-ssr': 3.5.17
      '@vue/shared': 3.5.17
      vue: 3.5.17(typescript@5.8.3)

  '@vue/shared@3.5.17': {}

  '@vue/tsconfig@0.7.0(typescript@5.8.3)(vue@3.5.17(typescript@5.8.3))':
    optionalDependencies:
      typescript: 5.8.3
      vue: 3.5.17(typescript@5.8.3)

  alien-signals@1.0.13: {}

  ansis@4.1.0: {}

  balanced-match@1.0.2: {}

  brace-expansion@2.0.2:
    dependencies:
      balanced-match: 1.0.2

  csstype@3.1.3: {}

  de-indent@1.0.2: {}

  detect-libc@2.0.4: {}

  entities@4.5.0: {}

  estree-walker@2.0.2: {}

  fdir@6.4.6(picomatch@4.0.3):
    optionalDependencies:
      picomatch: 4.0.3

  fsevents@2.3.3:
    optional: true

  he@1.2.0: {}

  lightningcss-darwin-arm64@1.30.1:
    optional: true

  lightningcss-darwin-x64@1.30.1:
    optional: true

  lightningcss-freebsd-x64@1.30.1:
    optional: true

  lightningcss-linux-arm-gnueabihf@1.30.1:
    optional: true

  lightningcss-linux-arm64-gnu@1.30.1:
    optional: true

  lightningcss-linux-arm64-musl@1.30.1:
    optional: true

  lightningcss-linux-x64-gnu@1.30.1:
    optional: true

  lightningcss-linux-x64-musl@1.30.1:
    optional: true

  lightningcss-win32-arm64-msvc@1.30.1:
    optional: true

  lightningcss-win32-x64-msvc@1.30.1:
    optional: true

  lightningcss@1.30.1:
    dependencies:
      detect-libc: 2.0.4
    optionalDependencies:
      lightningcss-darwin-arm64: 1.30.1
      lightningcss-darwin-x64: 1.30.1
      lightningcss-freebsd-x64: 1.30.1
      lightningcss-linux-arm-gnueabihf: 1.30.1
      lightningcss-linux-arm64-gnu: 1.30.1
      lightningcss-linux-arm64-musl: 1.30.1
      lightningcss-linux-x64-gnu: 1.30.1
      lightningcss-linux-x64-musl: 1.30.1
      lightningcss-win32-arm64-msvc: 1.30.1
      lightningcss-win32-x64-msvc: 1.30.1

  magic-string@0.30.17:
    dependencies:
      '@jridgewell/sourcemap-codec': 1.5.4

  minimatch@9.0.5:
    dependencies:
      brace-expansion: 2.0.2

  muggle-string@0.4.1: {}

  nanoid@3.3.11: {}

  path-browserify@1.0.1: {}

  picocolors@1.1.1: {}

  picomatch@4.0.3: {}

  postcss@8.5.6:
    dependencies:
      nanoid: 3.3.11
      picocolors: 1.1.1
      source-map-js: 1.2.1

  rolldown-vite@7.0.9:
    dependencies:
      fdir: 6.4.6(picomatch@4.0.3)
      lightningcss: 1.30.1
      picomatch: 4.0.3
      postcss: 8.5.6
      rolldown: 1.0.0-beta.28-commit.7ef342d
      tinyglobby: 0.2.14
    optionalDependencies:
      fsevents: 2.3.3

  rolldown@1.0.0-beta.28-commit.7ef342d:
    dependencies:
      '@oxc-project/runtime': 0.77.3
      '@oxc-project/types': 0.77.3
      '@rolldown/pluginutils': 1.0.0-beta.28-commit.7ef342d
      ansis: 4.1.0
    optionalDependencies:
      '@rolldown/binding-android-arm64': 1.0.0-beta.28-commit.7ef342d
      '@rolldown/binding-darwin-arm64': 1.0.0-beta.28-commit.7ef342d
      '@rolldown/binding-darwin-x64': 1.0.0-beta.28-commit.7ef342d
      '@rolldown/binding-freebsd-x64': 1.0.0-beta.28-commit.7ef342d
      '@rolldown/binding-linux-arm-gnueabihf': 1.0.0-beta.28-commit.7ef342d
      '@rolldown/binding-linux-arm64-gnu': 1.0.0-beta.28-commit.7ef342d
      '@rolldown/binding-linux-arm64-musl': 1.0.0-beta.28-commit.7ef342d
      '@rolldown/binding-linux-arm64-ohos': 1.0.0-beta.28-commit.7ef342d
      '@rolldown/binding-linux-x64-gnu': 1.0.0-beta.28-commit.7ef342d
      '@rolldown/binding-linux-x64-musl': 1.0.0-beta.28-commit.7ef342d
      '@rolldown/binding-wasm32-wasi': 1.0.0-beta.28-commit.7ef342d
      '@rolldown/binding-win32-arm64-msvc': 1.0.0-beta.28-commit.7ef342d
      '@rolldown/binding-win32-ia32-msvc': 1.0.0-beta.28-commit.7ef342d
      '@rolldown/binding-win32-x64-msvc': 1.0.0-beta.28-commit.7ef342d

  source-map-js@1.2.1: {}

  tinyglobby@0.2.14:
    dependencies:
      fdir: 6.4.6(picomatch@4.0.3)
      picomatch: 4.0.3

  tslib@2.8.1:
    optional: true

  typescript@5.8.3: {}

  vscode-uri@3.1.0: {}

  vue-tsc@2.2.12(typescript@5.8.3):
    dependencies:
      '@volar/typescript': 2.4.15
      '@vue/language-core': 2.2.12(typescript@5.8.3)
      typescript: 5.8.3

  vue@3.5.17(typescript@5.8.3):
    dependencies:
      '@vue/compiler-dom': 3.5.17
      '@vue/compiler-sfc': 3.5.17
      '@vue/runtime-dom': 3.5.17
      '@vue/server-renderer': 3.5.17(vue@3.5.17(typescript@5.8.3))
      '@vue/shared': 3.5.17
    optionalDependencies:
      typescript: 5.8.3
